<?xml version="1.0" encoding="utf-8"?>
<Project ToolsVersion="4.0" xmlns="http://schemas.microsoft.com/developer/msbuild/2003">
  <ItemGroup>
    <Filter Include="Source Files">
      <UniqueIdentifier>{4FC737F1-C7A5-4376-A066-2A32D752A2FF}</UniqueIdentifier>
      <Extensions>cpp;c;cc;cxx;def;odl;idl;hpj;bat;asm;asmx</Extensions>
    </Filter>
    <Filter Include="Source Files\core">
      <UniqueIdentifier>{2893552d-6ea7-4ca0-ad08-44dd4c8fca2d}</UniqueIdentifier>
    </Filter>
    <Filter Include="Source Files\core\math">
      <UniqueIdentifier>{1f8351e3-34a6-4733-a04b-19b7e0b70699}</UniqueIdentifier>
    </Filter>
    <Filter Include="Source Files\core\time">
      <UniqueIdentifier>{5be6f97f-2a87-421c-b041-7a0adb469249}</UniqueIdentifier>
    </Filter>
    <Filter Include="Source Files\core\mesh">
      <UniqueIdentifier>{c210a8d9-fc4d-426f-9e62-afd0d38dcfa9}</UniqueIdentifier>
    </Filter>
    <Filter Include="Source Files\core\GameObjectComponents">
      <UniqueIdentifier>{f4d60ae1-0431-4727-962e-b1ffd2166b9b}</UniqueIdentifier>
    </Filter>
    <Filter Include="Source Files\core\resource">
      <UniqueIdentifier>{b69daea4-03fa-4274-8f3c-f2d956f8af06}</UniqueIdentifier>
    </Filter>
    <Filter Include="Source Files\core\resource\texture2d">
      <UniqueIdentifier>{219ff110-1846-4fe9-a39e-fe5edb897c21}</UniqueIdentifier>
    </Filter>
    <Filter Include="Source Files\core\resource\ImageLoaders">
      <UniqueIdentifier>{0a25d1d1-04de-4e27-848e-318a5aa06f67}</UniqueIdentifier>
    </Filter>
    <Filter Include="Source Files\core\resource\model_loaders">
      <UniqueIdentifier>{7ca95e79-47db-4acf-a964-a9f77b490670}</UniqueIdentifier>
    </Filter>
    <Filter Include="Source Files\core\input">
      <UniqueIdentifier>{57b85b54-5e37-4723-90f2-abada4ed9966}</UniqueIdentifier>
    </Filter>
    <Filter Include="Source Files\renderer">
      <UniqueIdentifier>{31763c5b-a2e8-4676-896e-3ff104d94958}</UniqueIdentifier>
    </Filter>
    <Filter Include="Source Files\renderer\dx9">
      <UniqueIdentifier>{9250c74a-46c1-48a8-9292-6f709b49c87e}</UniqueIdentifier>
    </Filter>
    <Filter Include="Source Files\renderer\ps2">
      <UniqueIdentifier>{2bfb9a14-34cd-4340-848f-119716172a29}</UniqueIdentifier>
    </Filter>
    <Filter Include="Source Files\renderer\opengl">
      <UniqueIdentifier>{3d5f6466-7e44-4054-a2f1-2066190f4ac9}</UniqueIdentifier>
    </Filter>
    <Filter Include="Source Files\game">
      <UniqueIdentifier>{32938f0d-81a4-4214-b687-28ba5e5322e2}</UniqueIdentifier>
    </Filter>
    <Filter Include="Header Files">
      <UniqueIdentifier>{93995380-89BD-4b04-88EB-625FBE52EBFB}</UniqueIdentifier>
      <Extensions>h;hpp;hxx;hm;inl;inc;xsd</Extensions>
    </Filter>
    <Filter Include="Header Files\core">
      <UniqueIdentifier>{9129e65e-e238-45de-b4b9-891d23e1811f}</UniqueIdentifier>
    </Filter>
    <Filter Include="Header Files\core\math">
      <UniqueIdentifier>{a05759c3-27ec-401d-abf8-ed9df9763f79}</UniqueIdentifier>
    </Filter>
    <Filter Include="Header Files\core\time">
      <UniqueIdentifier>{5541fa9a-80ec-4441-a89b-d26f00220aa3}</UniqueIdentifier>
    </Filter>
    <Filter Include="Header Files\core\mesh">
      <UniqueIdentifier>{42e98578-8033-4346-8b84-62c501dee69d}</UniqueIdentifier>
    </Filter>
    <Filter Include="Header Files\core\GameObjectComponents">
      <UniqueIdentifier>{45e4664e-02e6-4840-90fc-3653853758e5}</UniqueIdentifier>
    </Filter>
    <Filter Include="Header Files\core\resource">
      <UniqueIdentifier>{b8ada977-fca7-4056-8f42-3481625bdd34}</UniqueIdentifier>
    </Filter>
    <Filter Include="Header Files\core\resource\texture2d">
      <UniqueIdentifier>{d4a6c6a8-7b9e-48b9-9249-3b4320464285}</UniqueIdentifier>
    </Filter>
    <Filter Include="Header Files\core\resource\ImageLoaders">
      <UniqueIdentifier>{94a6338d-8d99-414f-8430-a3ed0e84b39b}</UniqueIdentifier>
    </Filter>
    <Filter Include="Header Files\core\resource\model_loaders">
      <UniqueIdentifier>{fe075300-a8f9-4356-80d7-1ce2fb91f8f8}</UniqueIdentifier>
    </Filter>
    <Filter Include="Header Files\core\input">
      <UniqueIdentifier>{db03e708-2168-48fe-be49-c5db35f20bd9}</UniqueIdentifier>
    </Filter>
    <Filter Include="Header Files\renderer">
      <UniqueIdentifier>{d566dd3f-09fe-4277-972a-2b054108b473}</UniqueIdentifier>
    </Filter>
    <Filter Include="Header Files\renderer\dx9">
      <UniqueIdentifier>{c6a96801-00f0-44b2-a3aa-43edc3f30725}</UniqueIdentifier>
    </Filter>
    <Filter Include="Header Files\renderer\ps2">
      <UniqueIdentifier>{26f76d66-35d7-4d58-8275-11a609bf1309}</UniqueIdentifier>
    </Filter>
    <Filter Include="Header Files\renderer\opengl">
      <UniqueIdentifier>{9d632707-cee0-4312-9719-e5f04c6065b4}</UniqueIdentifier>
    </Filter>
    <Filter Include="Header Files\game">
      <UniqueIdentifier>{b3780142-b786-4ab0-aa26-ea6384e1b9e3}</UniqueIdentifier>
    </Filter>
    <Filter Include="Resource Files">
      <UniqueIdentifier>{67DA6AB6-F800-4c08-8B7A-83BB121AAD01}</UniqueIdentifier>
      <Extensions>rc;ico;cur;bmp;dlg;rc2;rct;bin;rgs;gif;jpg;jpeg;jpe;resx;tiff;tif;png;wav</Extensions>
    </Filter>
    <Filter Include="third_party">
      <UniqueIdentifier>{e3d5095a-cc54-46df-830d-c563c5894395}</UniqueIdentifier>
    </Filter>
    <Filter Include="third_party\libpng">
      <UniqueIdentifier>{2816ae3b-0cea-4795-a206-9fe1b67a863b}</UniqueIdentifier>
    </Filter>
    <Filter Include="third_party\zlib">
      <UniqueIdentifier>{d302e025-c1a8-4ce0-99be-3a9fb091c5d5}</UniqueIdentifier>
    </Filter>
    <Filter Include="third_party\lua">
      <UniqueIdentifier>{5c74cc03-f9be-4d27-9b9f-d477ecb14181}</UniqueIdentifier>
    </Filter>
    <Filter Include="third_party\jsonCpp">
      <UniqueIdentifier>{3a6f8616-5930-49c8-a4e8-b4dec1dc954b}</UniqueIdentifier>
    </Filter>
    <Filter Include="Source Files\core\resource\PrefabLoader">
      <UniqueIdentifier>{88a497cc-2330-47ed-8dae-1391b4d369bd}</UniqueIdentifier>
    </Filter>
    <Filter Include="Header Files\core\resource\PrefabLoader">
      <UniqueIdentifier>{70173ee7-c02c-493a-b1cd-04d98f27beb5}</UniqueIdentifier>
    </Filter>
    <Filter Include="Source Files\core\resource\SceneLoader">
      <UniqueIdentifier>{69fba913-625c-4442-8ee0-207e1d2e2694}</UniqueIdentifier>
    </Filter>
    <Filter Include="Header Files\core\resource\SceneLoader">
      <UniqueIdentifier>{bc0f2a39-8d80-4a44-8939-d76a5ab1a7c8}</UniqueIdentifier>
    </Filter>
    <Filter Include="Source Files\renderer\shaders">
      <UniqueIdentifier>{21cd595f-b06d-4c7c-a947-4d464bb4054c}</UniqueIdentifier>
    </Filter>
    <Filter Include="Header Files\renderer\shaders">
      <UniqueIdentifier>{cc05f3a7-c818-4ce0-8577-477dcdfc4893}</UniqueIdentifier>
    </Filter>
    <Filter Include="Header Files\core\config">
      <UniqueIdentifier>{eee2d672-f114-4f87-b115-b90ebff229fa}</UniqueIdentifier>
    </Filter>
    <Filter Include="Source Files\core\config">
      <UniqueIdentifier>{cc244869-48bb-4fe3-96db-8ff1f4ab4a0f}</UniqueIdentifier>
    </Filter>
  </ItemGroup>
  <ItemGroup>
    <ClCompile Include="..\..\code\core\BaseObject.cpp">
      <Filter>Source Files\core</Filter>
    </ClCompile>
    <ClCompile Include="..\..\code\core\Engine.cpp">
      <Filter>Source Files\core</Filter>
    </ClCompile>
    <ClCompile Include="..\..\code\core\GameObject.cpp">
      <Filter>Source Files\core</Filter>
    </ClCompile>
    <ClCompile Include="..\..\code\core\GameObjectComponent.cpp">
      <Filter>Source Files\core</Filter>
    </ClCompile>
    <ClCompile Include="..\..\code\core\main.cpp">
      <Filter>Source Files\core</Filter>
    </ClCompile>
    <ClCompile Include="..\..\code\core\Transform.cpp">
      <Filter>Source Files\core</Filter>
    </ClCompile>
    <ClCompile Include="..\..\code\core\math\MathHelper.cpp">
      <Filter>Source Files\core\math</Filter>
    </ClCompile>
    <ClCompile Include="..\..\code\core\math\Matrix4x4.cpp">
      <Filter>Source Files\core\math</Filter>
    </ClCompile>
    <ClCompile Include="..\..\code\core\math\Quaternion.cpp">
      <Filter>Source Files\core\math</Filter>
    </ClCompile>
    <ClCompile Include="..\..\code\core\math\Vector3.cpp">
      <Filter>Source Files\core\math</Filter>
    </ClCompile>
    <ClCompile Include="..\..\code\core\math\Vector4.cpp">
      <Filter>Source Files\core\math</Filter>
    </ClCompile>
    <ClCompile Include="..\..\code\core\time\Time.cpp">
      <Filter>Source Files\core\time</Filter>
    </ClCompile>
    <ClCompile Include="..\..\code\core\mesh\Mesh.cpp">
      <Filter>Source Files\core\mesh</Filter>
    </ClCompile>
    <ClCompile Include="..\..\code\core\GameObjectComponents\RenderComponent.cpp">
      <Filter>Source Files\core\GameObjectComponents</Filter>
    </ClCompile>
    <ClCompile Include="..\..\code\core\resource\texture2d\DX9Texture2D.cpp">
      <Filter>Source Files\core\resource\texture2d</Filter>
    </ClCompile>
    <ClCompile Include="..\..\code\core\resource\texture2d\OpenGLTexture2D.cpp">
      <Filter>Source Files\core\resource\texture2d</Filter>
    </ClCompile>
    <ClCompile Include="..\..\code\core\resource\texture2d\Texture2D.cpp">
      <Filter>Source Files\core\resource\texture2d</Filter>
    </ClCompile>
    <ClCompile Include="..\..\code\core\resource\image_loaders\ImageLoader.cpp">
      <Filter>Source Files\core\resource\ImageLoaders</Filter>
    </ClCompile>
    <ClCompile Include="..\..\code\core\resource\image_loaders\ImageLoader_PNG.cpp">
      <Filter>Source Files\core\resource\ImageLoaders</Filter>
    </ClCompile>
    <ClCompile Include="..\..\code\core\resource\model_loaders\ObjLoader.cpp">
      <Filter>Source Files\core\resource\model_loaders</Filter>
    </ClCompile>
    <ClCompile Include="..\..\code\core\input\Input.cpp">
      <Filter>Source Files\core\input</Filter>
    </ClCompile>
    <ClCompile Include="..\..\code\renderer\Color.cpp">
      <Filter>Source Files\renderer</Filter>
    </ClCompile>
    <ClCompile Include="..\..\code\renderer\PlatformRenderer.cpp">
      <Filter>Source Files\renderer</Filter>
    </ClCompile>
    <ClCompile Include="..\..\code\renderer\RenderEngine.cpp">
      <Filter>Source Files\renderer</Filter>
    </ClCompile>
    <ClCompile Include="..\..\code\renderer\dx9\DX9Renderer.cpp">
      <Filter>Source Files\renderer\dx9</Filter>
    </ClCompile>
    <ClCompile Include="..\..\code\renderer\ps2\PS2Renderer.cpp">
      <Filter>Source Files\renderer\ps2</Filter>
    </ClCompile>
    <ClCompile Include="..\..\code\renderer\opengl\OpenGLRenderer.cpp">
      <Filter>Source Files\renderer\opengl</Filter>
    </ClCompile>
    <ClCompile Include="..\..\code\game\GameMain.cpp">
      <Filter>Source Files\game</Filter>
    </ClCompile>
    <ClCompile Include="..\..\code\game\ObjLoaderTestComponent.cpp">
      <Filter>Source Files\game</Filter>
    </ClCompile>
    <ClCompile Include="..\..\code\game\RenderTestComponent.cpp">
      <Filter>Source Files\game</Filter>
    </ClCompile>
    <ClCompile Include="..\..\code\game\TriangleComponent.cpp">
      <Filter>Source Files\game</Filter>
    </ClCompile>
    <ClCompile Include="..\..\code\thirdparty\lpng162\png.c">
      <Filter>third_party\libpng</Filter>
    </ClCompile>
    <ClCompile Include="..\..\code\thirdparty\lpng162\pngerror.c">
      <Filter>third_party\libpng</Filter>
    </ClCompile>
    <ClCompile Include="..\..\code\thirdparty\lpng162\pngget.c">
      <Filter>third_party\libpng</Filter>
    </ClCompile>
    <ClCompile Include="..\..\code\thirdparty\lpng162\pngmem.c">
      <Filter>third_party\libpng</Filter>
    </ClCompile>
    <ClCompile Include="..\..\code\thirdparty\lpng162\pngpread.c">
      <Filter>third_party\libpng</Filter>
    </ClCompile>
    <ClCompile Include="..\..\code\thirdparty\lpng162\pngread.c">
      <Filter>third_party\libpng</Filter>
    </ClCompile>
    <ClCompile Include="..\..\code\thirdparty\lpng162\pngrio.c">
      <Filter>third_party\libpng</Filter>
    </ClCompile>
    <ClCompile Include="..\..\code\thirdparty\lpng162\pngrtran.c">
      <Filter>third_party\libpng</Filter>
    </ClCompile>
    <ClCompile Include="..\..\code\thirdparty\lpng162\pngrutil.c">
      <Filter>third_party\libpng</Filter>
    </ClCompile>
    <ClCompile Include="..\..\code\thirdparty\lpng162\pngset.c">
      <Filter>third_party\libpng</Filter>
    </ClCompile>
    <ClCompile Include="..\..\code\thirdparty\lpng162\pngtest.c">
      <Filter>third_party\libpng</Filter>
    </ClCompile>
    <ClCompile Include="..\..\code\thirdparty\lpng162\pngtrans.c">
      <Filter>third_party\libpng</Filter>
    </ClCompile>
    <ClCompile Include="..\..\code\thirdparty\lpng162\pngwio.c">
      <Filter>third_party\libpng</Filter>
    </ClCompile>
    <ClCompile Include="..\..\code\thirdparty\lpng162\pngwrite.c">
      <Filter>third_party\libpng</Filter>
    </ClCompile>
    <ClCompile Include="..\..\code\thirdparty\lpng162\pngwtran.c">
      <Filter>third_party\libpng</Filter>
    </ClCompile>
    <ClCompile Include="..\..\code\thirdparty\lpng162\pngwutil.c">
      <Filter>third_party\libpng</Filter>
    </ClCompile>
    <ClCompile Include="..\..\code\thirdparty\zlib-1.2.8\adler32.c">
      <Filter>third_party\zlib</Filter>
    </ClCompile>
    <ClCompile Include="..\..\code\thirdparty\zlib-1.2.8\compress.c">
      <Filter>third_party\zlib</Filter>
    </ClCompile>
    <ClCompile Include="..\..\code\thirdparty\zlib-1.2.8\crc32.c">
      <Filter>third_party\zlib</Filter>
    </ClCompile>
    <ClCompile Include="..\..\code\thirdparty\zlib-1.2.8\deflate.c">
      <Filter>third_party\zlib</Filter>
    </ClCompile>
    <ClCompile Include="..\..\code\thirdparty\zlib-1.2.8\gzclose.c">
      <Filter>third_party\zlib</Filter>
    </ClCompile>
    <ClCompile Include="..\..\code\thirdparty\zlib-1.2.8\gzlib.c">
      <Filter>third_party\zlib</Filter>
    </ClCompile>
    <ClCompile Include="..\..\code\thirdparty\zlib-1.2.8\gzread.c">
      <Filter>third_party\zlib</Filter>
    </ClCompile>
    <ClCompile Include="..\..\code\thirdparty\zlib-1.2.8\gzwrite.c">
      <Filter>third_party\zlib</Filter>
    </ClCompile>
    <ClCompile Include="..\..\code\thirdparty\zlib-1.2.8\infback.c">
      <Filter>third_party\zlib</Filter>
    </ClCompile>
    <ClCompile Include="..\..\code\thirdparty\zlib-1.2.8\inffast.c">
      <Filter>third_party\zlib</Filter>
    </ClCompile>
    <ClCompile Include="..\..\code\thirdparty\zlib-1.2.8\inflate.c">
      <Filter>third_party\zlib</Filter>
    </ClCompile>
    <ClCompile Include="..\..\code\thirdparty\zlib-1.2.8\inftrees.c">
      <Filter>third_party\zlib</Filter>
    </ClCompile>
    <ClCompile Include="..\..\code\thirdparty\zlib-1.2.8\trees.c">
      <Filter>third_party\zlib</Filter>
    </ClCompile>
    <ClCompile Include="..\..\code\thirdparty\zlib-1.2.8\uncompr.c">
      <Filter>third_party\zlib</Filter>
    </ClCompile>
    <ClCompile Include="..\..\code\thirdparty\zlib-1.2.8\zutil.c">
      <Filter>third_party\zlib</Filter>
    </ClCompile>
    <ClCompile Include="..\..\code\thirdparty\lua-5.2.2\src\lapi.c">
      <Filter>third_party\lua</Filter>
    </ClCompile>
    <ClCompile Include="..\..\code\thirdparty\lua-5.2.2\src\lauxlib.c">
      <Filter>third_party\lua</Filter>
    </ClCompile>
    <ClCompile Include="..\..\code\thirdparty\lua-5.2.2\src\lbaselib.c">
      <Filter>third_party\lua</Filter>
    </ClCompile>
    <ClCompile Include="..\..\code\thirdparty\lua-5.2.2\src\lbitlib.c">
      <Filter>third_party\lua</Filter>
    </ClCompile>
    <ClCompile Include="..\..\code\thirdparty\lua-5.2.2\src\lcode.c">
      <Filter>third_party\lua</Filter>
    </ClCompile>
    <ClCompile Include="..\..\code\thirdparty\lua-5.2.2\src\lcorolib.c">
      <Filter>third_party\lua</Filter>
    </ClCompile>
    <ClCompile Include="..\..\code\thirdparty\lua-5.2.2\src\lctype.c">
      <Filter>third_party\lua</Filter>
    </ClCompile>
    <ClCompile Include="..\..\code\thirdparty\lua-5.2.2\src\ldblib.c">
      <Filter>third_party\lua</Filter>
    </ClCompile>
    <ClCompile Include="..\..\code\thirdparty\lua-5.2.2\src\ldebug.c">
      <Filter>third_party\lua</Filter>
    </ClCompile>
    <ClCompile Include="..\..\code\thirdparty\lua-5.2.2\src\ldo.c">
      <Filter>third_party\lua</Filter>
    </ClCompile>
    <ClCompile Include="..\..\code\thirdparty\lua-5.2.2\src\ldump.c">
      <Filter>third_party\lua</Filter>
    </ClCompile>
    <ClCompile Include="..\..\code\thirdparty\lua-5.2.2\src\lfunc.c">
      <Filter>third_party\lua</Filter>
    </ClCompile>
    <ClCompile Include="..\..\code\thirdparty\lua-5.2.2\src\lgc.c">
      <Filter>third_party\lua</Filter>
    </ClCompile>
    <ClCompile Include="..\..\code\thirdparty\lua-5.2.2\src\linit.c">
      <Filter>third_party\lua</Filter>
    </ClCompile>
    <ClCompile Include="..\..\code\thirdparty\lua-5.2.2\src\liolib.c">
      <Filter>third_party\lua</Filter>
    </ClCompile>
    <ClCompile Include="..\..\code\thirdparty\lua-5.2.2\src\llex.c">
      <Filter>third_party\lua</Filter>
    </ClCompile>
    <ClCompile Include="..\..\code\thirdparty\lua-5.2.2\src\lmathlib.c">
      <Filter>third_party\lua</Filter>
    </ClCompile>
    <ClCompile Include="..\..\code\thirdparty\lua-5.2.2\src\lmem.c">
      <Filter>third_party\lua</Filter>
    </ClCompile>
    <ClCompile Include="..\..\code\thirdparty\lua-5.2.2\src\loadlib.c">
      <Filter>third_party\lua</Filter>
    </ClCompile>
    <ClCompile Include="..\..\code\thirdparty\lua-5.2.2\src\lobject.c">
      <Filter>third_party\lua</Filter>
    </ClCompile>
    <ClCompile Include="..\..\code\thirdparty\lua-5.2.2\src\lopcodes.c">
      <Filter>third_party\lua</Filter>
    </ClCompile>
    <ClCompile Include="..\..\code\thirdparty\lua-5.2.2\src\loslib.c">
      <Filter>third_party\lua</Filter>
    </ClCompile>
    <ClCompile Include="..\..\code\thirdparty\lua-5.2.2\src\lparser.c">
      <Filter>third_party\lua</Filter>
    </ClCompile>
    <ClCompile Include="..\..\code\thirdparty\lua-5.2.2\src\lstate.c">
      <Filter>third_party\lua</Filter>
    </ClCompile>
    <ClCompile Include="..\..\code\thirdparty\lua-5.2.2\src\lstring.c">
      <Filter>third_party\lua</Filter>
    </ClCompile>
    <ClCompile Include="..\..\code\thirdparty\lua-5.2.2\src\lstrlib.c">
      <Filter>third_party\lua</Filter>
    </ClCompile>
    <ClCompile Include="..\..\code\thirdparty\lua-5.2.2\src\ltable.c">
      <Filter>third_party\lua</Filter>
    </ClCompile>
    <ClCompile Include="..\..\code\thirdparty\lua-5.2.2\src\ltablib.c">
      <Filter>third_party\lua</Filter>
    </ClCompile>
    <ClCompile Include="..\..\code\thirdparty\lua-5.2.2\src\ltm.c">
      <Filter>third_party\lua</Filter>
    </ClCompile>
    <ClCompile Include="..\..\code\thirdparty\lua-5.2.2\src\lundump.c">
      <Filter>third_party\lua</Filter>
    </ClCompile>
    <ClCompile Include="..\..\code\thirdparty\lua-5.2.2\src\lvm.c">
      <Filter>third_party\lua</Filter>
    </ClCompile>
    <ClCompile Include="..\..\code\thirdparty\lua-5.2.2\src\lzio.c">
      <Filter>third_party\lua</Filter>
    </ClCompile>
    <ClCompile Include="..\..\code\core\Camera.cpp">
      <Filter>Source Files\core</Filter>
    </ClCompile>
    <ClCompile Include="..\..\code\game\FPCameraControllerComponent.cpp">
      <Filter>Source Files\game</Filter>
    </ClCompile>
    <ClCompile Include="..\..\code\renderer\Material.cpp">
      <Filter>Source Files\renderer</Filter>
    </ClCompile>
    <ClCompile Include="..\..\code\renderer\BitmapText.cpp">
      <Filter>Source Files\renderer</Filter>
    </ClCompile>
    <ClCompile Include="..\..\code\game\TextComponent.cpp">
      <Filter>Source Files\game</Filter>
    </ClCompile>
    <ClCompile Include="..\..\code\thirdparty\jsoncpp-src-0.5.0\src\lib_json\json_reader.cpp">
      <Filter>third_party\jsonCpp</Filter>
    </ClCompile>
    <ClCompile Include="..\..\code\thirdparty\jsoncpp-src-0.5.0\src\lib_json\json_value.cpp">
      <Filter>third_party\jsonCpp</Filter>
    </ClCompile>
    <ClCompile Include="..\..\code\thirdparty\jsoncpp-src-0.5.0\src\lib_json\json_writer.cpp">
      <Filter>third_party\jsonCpp</Filter>
    </ClCompile>
    <ClCompile Include="..\..\code\core\resource\prefabLoader\PrefabLoader.cpp">
      <Filter>Source Files\core\resource\PrefabLoader</Filter>
    </ClCompile>
    <ClCompile Include="..\..\code\game\MoverComponent.cpp">
      <Filter>Source Files\game</Filter>
    </ClCompile>
    <ClCompile Include="..\..\code\core\resource\sceneLoader\SceneLoader.cpp">
      <Filter>Source Files\core\resource\SceneLoader</Filter>
    </ClCompile>
    <ClCompile Include="..\..\code\renderer\shaders\ShaderProgram.cpp">
      <Filter>Source Files\renderer\shaders</Filter>
    </ClCompile>
    <ClCompile Include="..\..\code\renderer\shaders\ShaderPass.cpp">
      <Filter>Source Files\renderer\shaders</Filter>
    </ClCompile>
    <ClCompile Include="..\..\code\renderer\shaders\ShaderTechnique.cpp">
      <Filter>Source Files\renderer\shaders</Filter>
    </ClCompile>
    <ClCompile Include="..\..\code\game\FullScreenQuadComponent.cpp">
      <Filter>Source Files\game</Filter>
    </ClCompile>
    <ClCompile Include="..\..\code\core\config\EngineConfig.cpp">
      <Filter>Source Files\core\config</Filter>
    </ClCompile>
    <ClCompile Include="..\..\code\game\MeshComponent.cpp">
      <Filter>Source Files\game</Filter>
    </ClCompile>
    <ClCompile Include="..\..\code\game\AutoRotateComponent.cpp">
      <Filter>Source Files\game</Filter>
    </ClCompile>
  </ItemGroup>
  <ItemGroup>
    <ClInclude Include="..\..\code\core\BaseObject.h">
      <Filter>Header Files\core</Filter>
    </ClInclude>
    <ClInclude Include="..\..\code\core\Engine.h">
      <Filter>Header Files\core</Filter>
    </ClInclude>
    <ClInclude Include="..\..\code\core\GameObject.h">
      <Filter>Header Files\core</Filter>
    </ClInclude>
    <ClInclude Include="..\..\code\core\GameObjectComponent.h">
      <Filter>Header Files\core</Filter>
    </ClInclude>
    <ClInclude Include="..\..\code\core\platform.h">
      <Filter>Header Files\core</Filter>
    </ClInclude>
    <ClInclude Include="..\..\code\core\Transform.h">
      <Filter>Header Files\core</Filter>
    </ClInclude>
    <ClInclude Include="..\..\code\core\math\MathHelper.h">
      <Filter>Header Files\core\math</Filter>
    </ClInclude>
    <ClInclude Include="..\..\code\core\math\Matrix4x4.h">
      <Filter>Header Files\core\math</Filter>
    </ClInclude>
    <ClInclude Include="..\..\code\core\math\Quaternion.h">
      <Filter>Header Files\core\math</Filter>
    </ClInclude>
    <ClInclude Include="..\..\code\core\math\Vector3.h">
      <Filter>Header Files\core\math</Filter>
    </ClInclude>
    <ClInclude Include="..\..\code\core\math\Vector4.h">
      <Filter>Header Files\core\math</Filter>
    </ClInclude>
    <ClInclude Include="..\..\code\core\time\Time.h">
      <Filter>Header Files\core\time</Filter>
    </ClInclude>
    <ClInclude Include="..\..\code\core\mesh\Mesh.h">
      <Filter>Header Files\core\mesh</Filter>
    </ClInclude>
    <ClInclude Include="..\..\code\core\GameObjectComponents\RenderComponent.h">
      <Filter>Header Files\core\GameObjectComponents</Filter>
    </ClInclude>
    <ClInclude Include="..\..\code\core\resource\texture2d\DX9Texture2D.h">
      <Filter>Header Files\core\resource\texture2d</Filter>
    </ClInclude>
    <ClInclude Include="..\..\code\core\resource\texture2d\OpenGLTexture2D.h">
      <Filter>Header Files\core\resource\texture2d</Filter>
    </ClInclude>
    <ClInclude Include="..\..\code\core\resource\texture2d\Texture2D.h">
      <Filter>Header Files\core\resource\texture2d</Filter>
    </ClInclude>
    <ClInclude Include="..\..\code\core\resource\image_loaders\ImageLoader.h">
      <Filter>Header Files\core\resource\ImageLoaders</Filter>
    </ClInclude>
    <ClInclude Include="..\..\code\core\resource\image_loaders\ImageLoader_PNG.h">
      <Filter>Header Files\core\resource\ImageLoaders</Filter>
    </ClInclude>
    <ClInclude Include="..\..\code\core\resource\model_loaders\ObjLoader.h">
      <Filter>Header Files\core\resource\model_loaders</Filter>
    </ClInclude>
    <ClInclude Include="..\..\code\core\input\Input.h">
      <Filter>Header Files\core\input</Filter>
    </ClInclude>
    <ClInclude Include="..\..\code\core\input\Keycode.h">
      <Filter>Header Files\core\input</Filter>
    </ClInclude>
    <ClInclude Include="..\..\code\renderer\Color.h">
      <Filter>Header Files\renderer</Filter>
    </ClInclude>
    <ClInclude Include="..\..\code\renderer\PlatformRenderer.h">
      <Filter>Header Files\renderer</Filter>
    </ClInclude>
    <ClInclude Include="..\..\code\renderer\RenderEngine.h">
      <Filter>Header Files\renderer</Filter>
    </ClInclude>
    <ClInclude Include="..\..\code\renderer\RendererConfig.h">
      <Filter>Header Files\renderer</Filter>
    </ClInclude>
    <ClInclude Include="..\..\code\renderer\dx9\DX9Renderer.h">
      <Filter>Header Files\renderer\dx9</Filter>
    </ClInclude>
    <ClInclude Include="..\..\code\renderer\ps2\PS2Renderer.h">
      <Filter>Header Files\renderer\ps2</Filter>
    </ClInclude>
    <ClInclude Include="..\..\code\renderer\opengl\OpenGLRenderer.h">
      <Filter>Header Files\renderer\opengl</Filter>
    </ClInclude>
    <ClInclude Include="..\..\code\game\GameMain.h">
      <Filter>Header Files\game</Filter>
    </ClInclude>
    <ClInclude Include="..\..\code\game\ObjLoaderTestComponent.h">
      <Filter>Header Files\game</Filter>
    </ClInclude>
    <ClInclude Include="..\..\code\game\RenderTestComponent.h">
      <Filter>Header Files\game</Filter>
    </ClInclude>
    <ClInclude Include="..\..\code\game\TriangleComponent.h">
      <Filter>Header Files\game</Filter>
    </ClInclude>
    <ClInclude Include="..\..\code\thirdparty\lpng162\png.h">
      <Filter>third_party\libpng</Filter>
    </ClInclude>
    <ClInclude Include="..\..\code\thirdparty\lpng162\pngconf.h">
      <Filter>third_party\libpng</Filter>
    </ClInclude>
    <ClInclude Include="..\..\code\thirdparty\lpng162\pngdebug.h">
      <Filter>third_party\libpng</Filter>
    </ClInclude>
    <ClInclude Include="..\..\code\thirdparty\lpng162\pnginfo.h">
      <Filter>third_party\libpng</Filter>
    </ClInclude>
    <ClInclude Include="..\..\code\thirdparty\lpng162\pnglibconf.h">
      <Filter>third_party\libpng</Filter>
    </ClInclude>
    <ClInclude Include="..\..\code\thirdparty\lpng162\pngpriv.h">
      <Filter>third_party\libpng</Filter>
    </ClInclude>
    <ClInclude Include="..\..\code\thirdparty\lpng162\pngstruct.h">
      <Filter>third_party\libpng</Filter>
    </ClInclude>
    <ClInclude Include="..\..\code\thirdparty\zlib-1.2.8\crc32.h">
      <Filter>third_party\zlib</Filter>
    </ClInclude>
    <ClInclude Include="..\..\code\thirdparty\zlib-1.2.8\deflate.h">
      <Filter>third_party\zlib</Filter>
    </ClInclude>
    <ClInclude Include="..\..\code\thirdparty\zlib-1.2.8\gzguts.h">
      <Filter>third_party\zlib</Filter>
    </ClInclude>
    <ClInclude Include="..\..\code\thirdparty\zlib-1.2.8\inffast.h">
      <Filter>third_party\zlib</Filter>
    </ClInclude>
    <ClInclude Include="..\..\code\thirdparty\zlib-1.2.8\inffixed.h">
      <Filter>third_party\zlib</Filter>
    </ClInclude>
    <ClInclude Include="..\..\code\thirdparty\zlib-1.2.8\inflate.h">
      <Filter>third_party\zlib</Filter>
    </ClInclude>
    <ClInclude Include="..\..\code\thirdparty\zlib-1.2.8\inftrees.h">
      <Filter>third_party\zlib</Filter>
    </ClInclude>
    <ClInclude Include="..\..\code\thirdparty\zlib-1.2.8\trees.h">
      <Filter>third_party\zlib</Filter>
    </ClInclude>
    <ClInclude Include="..\..\code\thirdparty\zlib-1.2.8\zconf.h">
      <Filter>third_party\zlib</Filter>
    </ClInclude>
    <ClInclude Include="..\..\code\thirdparty\zlib-1.2.8\zlib.h">
      <Filter>third_party\zlib</Filter>
    </ClInclude>
    <ClInclude Include="..\..\code\thirdparty\zlib-1.2.8\zutil.h">
      <Filter>third_party\zlib</Filter>
    </ClInclude>
    <ClInclude Include="..\..\code\thirdparty\lua-5.2.2\src\lapi.h">
      <Filter>third_party\lua</Filter>
    </ClInclude>
    <ClInclude Include="..\..\code\thirdparty\lua-5.2.2\src\lauxlib.h">
      <Filter>third_party\lua</Filter>
    </ClInclude>
    <ClInclude Include="..\..\code\thirdparty\lua-5.2.2\src\lcode.h">
      <Filter>third_party\lua</Filter>
    </ClInclude>
    <ClInclude Include="..\..\code\thirdparty\lua-5.2.2\src\lctype.h">
      <Filter>third_party\lua</Filter>
    </ClInclude>
    <ClInclude Include="..\..\code\thirdparty\lua-5.2.2\src\ldebug.h">
      <Filter>third_party\lua</Filter>
    </ClInclude>
    <ClInclude Include="..\..\code\thirdparty\lua-5.2.2\src\ldo.h">
      <Filter>third_party\lua</Filter>
    </ClInclude>
    <ClInclude Include="..\..\code\thirdparty\lua-5.2.2\src\lfunc.h">
      <Filter>third_party\lua</Filter>
    </ClInclude>
    <ClInclude Include="..\..\code\thirdparty\lua-5.2.2\src\lgc.h">
      <Filter>third_party\lua</Filter>
    </ClInclude>
    <ClInclude Include="..\..\code\thirdparty\lua-5.2.2\src\llex.h">
      <Filter>third_party\lua</Filter>
    </ClInclude>
    <ClInclude Include="..\..\code\thirdparty\lua-5.2.2\src\llimits.h">
      <Filter>third_party\lua</Filter>
    </ClInclude>
    <ClInclude Include="..\..\code\thirdparty\lua-5.2.2\src\lmem.h">
      <Filter>third_party\lua</Filter>
    </ClInclude>
    <ClInclude Include="..\..\code\thirdparty\lua-5.2.2\src\lobject.h">
      <Filter>third_party\lua</Filter>
    </ClInclude>
    <ClInclude Include="..\..\code\thirdparty\lua-5.2.2\src\lopcodes.h">
      <Filter>third_party\lua</Filter>
    </ClInclude>
    <ClInclude Include="..\..\code\thirdparty\lua-5.2.2\src\lparser.h">
      <Filter>third_party\lua</Filter>
    </ClInclude>
    <ClInclude Include="..\..\code\thirdparty\lua-5.2.2\src\lstate.h">
      <Filter>third_party\lua</Filter>
    </ClInclude>
    <ClInclude Include="..\..\code\thirdparty\lua-5.2.2\src\lstring.h">
      <Filter>third_party\lua</Filter>
    </ClInclude>
    <ClInclude Include="..\..\code\thirdparty\lua-5.2.2\src\ltable.h">
      <Filter>third_party\lua</Filter>
    </ClInclude>
    <ClInclude Include="..\..\code\thirdparty\lua-5.2.2\src\ltm.h">
      <Filter>third_party\lua</Filter>
    </ClInclude>
    <ClInclude Include="..\..\code\thirdparty\lua-5.2.2\src\lua.h">
      <Filter>third_party\lua</Filter>
    </ClInclude>
    <ClInclude Include="..\..\code\thirdparty\lua-5.2.2\src\lua.hpp">
      <Filter>third_party\lua</Filter>
    </ClInclude>
    <ClInclude Include="..\..\code\thirdparty\lua-5.2.2\src\luaconf.h">
      <Filter>third_party\lua</Filter>
    </ClInclude>
    <ClInclude Include="..\..\code\thirdparty\lua-5.2.2\src\lualib.h">
      <Filter>third_party\lua</Filter>
    </ClInclude>
    <ClInclude Include="..\..\code\thirdparty\lua-5.2.2\src\lundump.h">
      <Filter>third_party\lua</Filter>
    </ClInclude>
    <ClInclude Include="..\..\code\thirdparty\lua-5.2.2\src\lvm.h">
      <Filter>third_party\lua</Filter>
    </ClInclude>
    <ClInclude Include="..\..\code\thirdparty\lua-5.2.2\src\lzio.h">
      <Filter>third_party\lua</Filter>
    </ClInclude>
    <ClInclude Include="..\..\code\core\Camera.h">
      <Filter>Header Files\core</Filter>
    </ClInclude>
    <ClInclude Include="..\..\code\game\FPCameraControllerComponent.h">
      <Filter>Header Files\game</Filter>
    </ClInclude>
    <ClInclude Include="..\..\code\renderer\Material.h">
      <Filter>Header Files\renderer</Filter>
    </ClInclude>
    <ClInclude Include="..\..\code\renderer\BitmapText.h">
      <Filter>Header Files\renderer</Filter>
    </ClInclude>
    <ClInclude Include="..\..\code\game\TextComponent.h">
      <Filter>Header Files\game</Filter>
    </ClInclude>
    <ClInclude Include="..\..\code\thirdparty\jsoncpp-src-0.5.0\src\lib_json\json_batchallocator.h">
      <Filter>third_party\jsonCpp</Filter>
    </ClInclude>
    <ClInclude Include="..\..\code\core\resource\prefabLoader\PrefabLoader.h">
      <Filter>Header Files\core\resource\PrefabLoader</Filter>
    </ClInclude>
    <ClInclude Include="..\..\code\game\MoverComponent.h">
      <Filter>Header Files\game</Filter>
    </ClInclude>
    <ClInclude Include="..\..\code\core\resource\sceneLoader\SceneLoader.h">
      <Filter>Header Files\core\resource\SceneLoader</Filter>
    </ClInclude>
    <ClInclude Include="..\..\code\renderer\shaders\ShaderProgram.h">
      <Filter>Header Files\renderer\shaders</Filter>
    </ClInclude>
    <ClInclude Include="..\..\code\renderer\shaders\ShaderPass.h">
      <Filter>Header Files\renderer\shaders</Filter>
    </ClInclude>
    <ClInclude Include="..\..\code\renderer\shaders\ShaderTechnique.h">
      <Filter>Header Files\renderer\shaders</Filter>
    </ClInclude>
    <ClInclude Include="..\..\code\game\FullScreenQuadComponent.h">
      <Filter>Header Files\game</Filter>
    </ClInclude>
    <ClInclude Include="..\..\code\core\config\EngineConfig.h">
      <Filter>Header Files\core\config</Filter>
    </ClInclude>
    <ClInclude Include="..\..\code\game\MeshComponent.h">
      <Filter>Header Files\game</Filter>
    </ClInclude>
    <ClInclude Include="..\..\code\game\AutoRotateComponent.h">
      <Filter>Header Files\game</Filter>
    </ClInclude>
  </ItemGroup>
</Project>